
Microsoft Visual Studio Solution File, Format Version 12.00
# Visual Studio 15
VisualStudioVersion = 15.0.27004.2002
MinimumVisualStudioVersion = 10.0.40219.1
Project("{FAE04EC0-301F-11D3-BF4B-00C04F79EFBC}") = "CRM", "CRM\CRM.csproj", "{11EDDA00-AD34-4DC8-BAEE-11708B117451}"
EndProject
Global
	GlobalSection(SolutionConfigurationPlatforms) = preSolution
		Debug|Any CPU = Debug|Any CPU
		Release|Any CPU = Release|Any CPU
	EndGlobalSection
	GlobalSection(ProjectConfigurationPlatforms) = postSolution
		{11EDDA00-AD34-4DC8-BAEE-11708B117451}.Debug|Any CPU.ActiveCfg = Debug|Any CPU
		{11EDDA00-AD34-4DC8-BAEE-11708B117451}.Debug|Any CPU.Build.0 = Debug|Any CPU
		{11EDDA00-AD34-4DC8-BAEE-11708B117451}.Release|Any CPU.ActiveCfg = Release|Any CPU
		{11EDDA00-AD34-4DC8-BAEE-11708B117451}.Release|Any CPU.Build.0 = Release|Any CPU
	EndGlobalSection
	GlobalSection(SolutionProperties) = preSolution
		HideSolutionNode = FALSE
	EndGlobalSection
	GlobalSection(ExtensibilityGlobals) = postSolution
		SolutionGuid = {4E067400-BC6C-43D9-9C1A-AAA1B01A423D}
	EndGlobalSection
EndGlobal
