
Microsoft Visual Studio Solution File, Format Version 12.00
# Visual Studio 15
VisualStudioVersion = 15.0.27004.2002
MinimumVisualStudioVersion = 10.0.40219.1
Project("{FAE04EC0-301F-11D3-BF4B-00C04F79EFBC}") = "The Real Exam", "The Real Exam\The Real Exam.csproj", "{540D0A97-5572-48BA-A869-6B1EF6144631}"
EndProject
Global
	GlobalSection(SolutionConfigurationPlatforms) = preSolution
		Debug|Any CPU = Debug|Any CPU
		Release|Any CPU = Release|Any CPU
	EndGlobalSection
	GlobalSection(ProjectConfigurationPlatforms) = postSolution
		{540D0A97-5572-48BA-A869-6B1EF6144631}.Debug|Any CPU.ActiveCfg = Debug|Any CPU
		{540D0A97-5572-48BA-A869-6B1EF6144631}.Debug|Any CPU.Build.0 = Debug|Any CPU
		{540D0A97-5572-48BA-A869-6B1EF6144631}.Release|Any CPU.ActiveCfg = Release|Any CPU
		{540D0A97-5572-48BA-A869-6B1EF6144631}.Release|Any CPU.Build.0 = Release|Any CPU
	EndGlobalSection
	GlobalSection(SolutionProperties) = preSolution
		HideSolutionNode = FALSE
	EndGlobalSection
	GlobalSection(ExtensibilityGlobals) = postSolution
		SolutionGuid = {D90A47DF-92D3-40B6-896E-5DA411F78CD0}
	EndGlobalSection
EndGlobal
